
Microsoft Visual Studio Solution File, Format Version 12.00
# Visual Studio Version 16
VisualStudioVersion = 16.0.31624.102
MinimumVisualStudioVersion = 10.0.40219.1
Project("{8BC9CEB8-8B4A-11D0-8D11-00A0C91BC942}") = "Opt_Expression", "Opt_Expression\Opt_Expression.vcxproj", "{4B5E45CA-3B2E-41BC-A5B3-36F834A30771}"
EndProject
Global
	GlobalSection(SolutionConfigurationPlatforms) = preSolution
		Debug|x64 = Debug|x64
		Debug|x86 = Debug|x86
		Release|x64 = Release|x64
		Release|x86 = Release|x86
	EndGlobalSection
	GlobalSection(ProjectConfigurationPlatforms) = postSolution
		{4B5E45CA-3B2E-41BC-A5B3-36F834A30771}.Debug|x64.ActiveCfg = Debug|x64
		{4B5E45CA-3B2E-41BC-A5B3-36F834A30771}.Debug|x64.Build.0 = Debug|x64
		{4B5E45CA-3B2E-41BC-A5B3-36F834A30771}.Debug|x86.ActiveCfg = Debug|Win32
		{4B5E45CA-3B2E-41BC-A5B3-36F834A30771}.Debug|x86.Build.0 = Debug|Win32
		{4B5E45CA-3B2E-41BC-A5B3-36F834A30771}.Release|x64.ActiveCfg = Release|x64
		{4B5E45CA-3B2E-41BC-A5B3-36F834A30771}.Release|x64.Build.0 = Release|x64
		{4B5E45CA-3B2E-41BC-A5B3-36F834A30771}.Release|x86.ActiveCfg = Release|Win32
		{4B5E45CA-3B2E-41BC-A5B3-36F834A30771}.Release|x86.Build.0 = Release|Win32
	EndGlobalSection
	GlobalSection(SolutionProperties) = preSolution
		HideSolutionNode = FALSE
	EndGlobalSection
	GlobalSection(ExtensibilityGlobals) = postSolution
		SolutionGuid = {26113C39-DD5B-4EE8-9CFE-B702D5BDB1A8}
	EndGlobalSection
EndGlobal
